PODS:
  - YDAvoidCrashKit (0.0.5):
    - YDAvoidCrashKit/YDLogger (= 0.0.5)
  - YDAvoidCrashKit/YDLogger (0.0.5)

DEPENDENCIES:
  - YDAvoidCrashKit (from `./YDAvoidCrashKit/YDAvoidCrashKit.podspec`)

EXTERNAL SOURCES:
  YDAvoidCrashKit:
    :path: "./YDAvoidCrashKit/YDAvoidCrashKit.podspec"

SPEC CHECKSUMS:
  YDAvoidCrashKit: eacc64ab99ed44e282fa2757413e11511af097d8

PODFILE CHECKSUM: 43db46e05a66ddd0718130387d5ee18d1d9ce72b

COCOAPODS: 1.11.0.beta.2
